// !$*UTF8*$!
{
	archiveVersion = 1;
	classes = {
	};
	objectVersion = 51;
	objects = {

/* Begin PBXBuildFile section */
		0C16807F23DC641300500538 /* AppDelegate.swift in Sources */ = {isa = PBXBuildFile; fileRef = 0C16807E23DC641300500538 /* AppDelegate.swift */; };
		0C16808123DC641300500538 /* SceneDelegate.swift in Sources */ = {isa = PBXBuildFile; fileRef = 0C16808023DC641300500538 /* SceneDelegate.swift */; };
		0C16808323DC641300500538 /* ViewController.swift in Sources */ = {isa = PBXBuildFile; fileRef = 0C16808223DC641300500538 /* ViewController.swift */; };
		0C16808623DC641300500538 /* Main.storyboard in Resources */ = {isa = PBXBuildFile; fileRef = 0C16808423DC641300500538 /* Main.storyboard */; };
		0C16808823DC641600500538 /* Assets.xcassets in Resources */ = {isa = PBXBuildFile; fileRef = 0C16808723DC641600500538 /* Assets.xcassets */; };
		0C16808B23DC641600500538 /* LaunchScreen.storyboard in Resources */ = {isa = PBXBuildFile; fileRef = 0C16808923DC641600500538 /* LaunchScreen.storyboard */; };
		0C16809623DC641600500538 /* CYOATests.swift in Sources */ = {isa = PBXBuildFile; fileRef = 0C16809523DC641600500538 /* CYOATests.swift */; };
		0C1680A123DC641600500538 /* CYOAUITests.swift in Sources */ = {isa = PBXBuildFile; fileRef = 0C1680A023DC641600500538 /* CYOAUITests.swift */; };
		0C1680B323DC6D8400500538 /* Chapter.swift in Sources */ = {isa = PBXBuildFile; fileRef = 0C1680B223DC6D8400500538 /* Chapter.swift */; };
		0C3489FA23E72CD0007CC471 /* GoogleService-Info.plist in Resources */ = {isa = PBXBuildFile; fileRef = 0C3489F923E72CD0007CC471 /* GoogleService-Info.plist */; };
		0C3489FD23E8AE89007CC471 /* MyStoryCell.swift in Sources */ = {isa = PBXBuildFile; fileRef = 0C3489FB23E8AE89007CC471 /* MyStoryCell.swift */; };
		0C3489FE23E8AE89007CC471 /* MyStoryCell.xib in Resources */ = {isa = PBXBuildFile; fileRef = 0C3489FC23E8AE89007CC471 /* MyStoryCell.xib */; };
		0C348A0023E8B266007CC471 /* MyStoryViewController.swift in Sources */ = {isa = PBXBuildFile; fileRef = 0C3489FF23E8B266007CC471 /* MyStoryViewController.swift */; };
		0CAD447E23E1E4FC0062CD7F /* Player.swift in Sources */ = {isa = PBXBuildFile; fileRef = 0CAD447D23E1E4FC0062CD7F /* Player.swift */; };
		0CAD448023E1FD5A0062CD7F /* Story.swift in Sources */ = {isa = PBXBuildFile; fileRef = 0CAD447F23E1FD5A0062CD7F /* Story.swift */; };
		0CAD44C623E356D40062CD7F /* Attribute.swift in Sources */ = {isa = PBXBuildFile; fileRef = 0CAD44C523E356D40062CD7F /* Attribute.swift */; };
		0CAD44C823E35D5F0062CD7F /* Option.swift in Sources */ = {isa = PBXBuildFile; fileRef = 0CAD44C723E35D5F0062CD7F /* Option.swift */; };
		6D300B8A092BB3B2480BADBB /* Pods_CYOA.framework in Frameworks */ = {isa = PBXBuildFile; fileRef = FE197563FEE974D6ACF016B6 /* Pods_CYOA.framework */; };
		8059A370C11BEE93BAFA9C67 /* Pods_CYOA_CYOAUITests.framework in Frameworks */ = {isa = PBXBuildFile; fileRef = CAB639D174B33B3E49EBECCB /* Pods_CYOA_CYOAUITests.framework */; };
		832B97FDFC20D2D1DA34D4B2 /* Pods_CYOATests.framework in Frameworks */ = {isa = PBXBuildFile; fileRef = A7240FE9E67AEAC6AAAC3372 /* Pods_CYOATests.framework */; };
/* End PBXBuildFile section */

/* Begin PBXContainerItemProxy section */
		0C16809223DC641600500538 /* PBXContainerItemProxy */ = {
			isa = PBXContainerItemProxy;
			containerPortal = 0C16807323DC641300500538 /* Project object */;
			proxyType = 1;
			remoteGlobalIDString = 0C16807A23DC641300500538;
			remoteInfo = CYOA;
		};
		0C16809D23DC641600500538 /* PBXContainerItemProxy */ = {
			isa = PBXContainerItemProxy;
			containerPortal = 0C16807323DC641300500538 /* Project object */;
			proxyType = 1;
			remoteGlobalIDString = 0C16807A23DC641300500538;
			remoteInfo = CYOA;
		};
/* End PBXContainerItemProxy section */

/* Begin PBXFileReference section */
		0B6E88379644A4889C9392A1 /* Pods-CYOA-CYOAUITests.debug.xcconfig */ = {isa = PBXFileReference; includeInIndex = 1; lastKnownFileType = text.xcconfig; name = "Pods-CYOA-CYOAUITests.debug.xcconfig"; path = "Target Support Files/Pods-CYOA-CYOAUITests/Pods-CYOA-CYOAUITests.debug.xcconfig"; sourceTree = "<group>"; };
		0C16807B23DC641300500538 /* CYOA.app */ = {isa = PBXFileReference; explicitFileType = wrapper.application; includeInIndex = 0; path = CYOA.app; sourceTree = BUILT_PRODUCTS_DIR; };
		0C16807E23DC641300500538 /* AppDelegate.swift */ = {isa = PBXFileReference; lastKnownFileType = sourcecode.swift; path = AppDelegate.swift; sourceTree = "<group>"; };
		0C16808023DC641300500538 /* SceneDelegate.swift */ = {isa = PBXFileReference; lastKnownFileType = sourcecode.swift; path = SceneDelegate.swift; sourceTree = "<group>"; };
		0C16808223DC641300500538 /* ViewController.swift */ = {isa = PBXFileReference; lastKnownFileType = sourcecode.swift; path = ViewController.swift; sourceTree = "<group>"; };
		0C16808523DC641300500538 /* Base */ = {isa = PBXFileReference; lastKnownFileType = file.storyboard; name = Base; path = Base.lproj/Main.storyboard; sourceTree = "<group>"; };
		0C16808723DC641600500538 /* Assets.xcassets */ = {isa = PBXFileReference; lastKnownFileType = folder.assetcatalog; path = Assets.xcassets; sourceTree = "<group>"; };
		0C16808A23DC641600500538 /* Base */ = {isa = PBXFileReference; lastKnownFileType = file.storyboard; name = Base; path = Base.lproj/LaunchScreen.storyboard; sourceTree = "<group>"; };
		0C16808C23DC641600500538 /* Info.plist */ = {isa = PBXFileReference; lastKnownFileType = text.plist.xml; path = Info.plist; sourceTree = "<group>"; };
		0C16809123DC641600500538 /* CYOATests.xctest */ = {isa = PBXFileReference; explicitFileType = wrapper.cfbundle; includeInIndex = 0; path = CYOATests.xctest; sourceTree = BUILT_PRODUCTS_DIR; };
		0C16809523DC641600500538 /* CYOATests.swift */ = {isa = PBXFileReference; lastKnownFileType = sourcecode.swift; path = CYOATests.swift; sourceTree = "<group>"; };
		0C16809723DC641600500538 /* Info.plist */ = {isa = PBXFileReference; lastKnownFileType = text.plist.xml; path = Info.plist; sourceTree = "<group>"; };
		0C16809C23DC641600500538 /* CYOAUITests.xctest */ = {isa = PBXFileReference; explicitFileType = wrapper.cfbundle; includeInIndex = 0; path = CYOAUITests.xctest; sourceTree = BUILT_PRODUCTS_DIR; };
		0C1680A023DC641600500538 /* CYOAUITests.swift */ = {isa = PBXFileReference; lastKnownFileType = sourcecode.swift; path = CYOAUITests.swift; sourceTree = "<group>"; };
		0C1680A223DC641600500538 /* Info.plist */ = {isa = PBXFileReference; lastKnownFileType = text.plist.xml; path = Info.plist; sourceTree = "<group>"; };
		0C1680B223DC6D8400500538 /* Chapter.swift */ = {isa = PBXFileReference; lastKnownFileType = sourcecode.swift; path = Chapter.swift; sourceTree = "<group>"; };
		0C3489F923E72CD0007CC471 /* GoogleService-Info.plist */ = {isa = PBXFileReference; lastKnownFileType = text.plist; path = "GoogleService-Info.plist"; sourceTree = SOURCE_ROOT; };
		0C3489FB23E8AE89007CC471 /* MyStoryCell.swift */ = {isa = PBXFileReference; lastKnownFileType = sourcecode.swift; path = MyStoryCell.swift; sourceTree = "<group>"; };
		0C3489FC23E8AE89007CC471 /* MyStoryCell.xib */ = {isa = PBXFileReference; lastKnownFileType = file.xib; path = MyStoryCell.xib; sourceTree = "<group>"; };
		0C3489FF23E8B266007CC471 /* MyStoryViewController.swift */ = {isa = PBXFileReference; lastKnownFileType = sourcecode.swift; path = MyStoryViewController.swift; sourceTree = "<group>"; };
		0CAD447D23E1E4FC0062CD7F /* Player.swift */ = {isa = PBXFileReference; lastKnownFileType = sourcecode.swift; path = Player.swift; sourceTree = "<group>"; };
		0CAD447F23E1FD5A0062CD7F /* Story.swift */ = {isa = PBXFileReference; lastKnownFileType = sourcecode.swift; path = Story.swift; sourceTree = "<group>"; };
		0CAD44C523E356D40062CD7F /* Attribute.swift */ = {isa = PBXFileReference; lastKnownFileType = sourcecode.swift; path = Attribute.swift; sourceTree = "<group>"; };
		0CAD44C723E35D5F0062CD7F /* Option.swift */ = {isa = PBXFileReference; lastKnownFileType = sourcecode.swift; path = Option.swift; sourceTree = "<group>"; };
		2BD0DEED71F7851C833643EC /* Pods-CYOA.release.xcconfig */ = {isa = PBXFileReference; includeInIndex = 1; lastKnownFileType = text.xcconfig; name = "Pods-CYOA.release.xcconfig"; path = "Target Support Files/Pods-CYOA/Pods-CYOA.release.xcconfig"; sourceTree = "<group>"; };
		4D66ECF3C67C6C0B0E62DEFC /* Pods-CYOATests.release.xcconfig */ = {isa = PBXFileReference; includeInIndex = 1; lastKnownFileType = text.xcconfig; name = "Pods-CYOATests.release.xcconfig"; path = "Target Support Files/Pods-CYOATests/Pods-CYOATests.release.xcconfig"; sourceTree = "<group>"; };
		5AD81810B3700D8524A71B81 /* Pods-CYOATests.debug.xcconfig */ = {isa = PBXFileReference; includeInIndex = 1; lastKnownFileType = text.xcconfig; name = "Pods-CYOATests.debug.xcconfig"; path = "Target Support Files/Pods-CYOATests/Pods-CYOATests.debug.xcconfig"; sourceTree = "<group>"; };
		5CD5283B3514BF8BF8053568 /* Pods-CYOA-CYOAUITests.release.xcconfig */ = {isa = PBXFileReference; includeInIndex = 1; lastKnownFileType = text.xcconfig; name = "Pods-CYOA-CYOAUITests.release.xcconfig"; path = "Target Support Files/Pods-CYOA-CYOAUITests/Pods-CYOA-CYOAUITests.release.xcconfig"; sourceTree = "<group>"; };
		A7240FE9E67AEAC6AAAC3372 /* Pods_CYOATests.framework */ = {isa = PBXFileReference; explicitFileType = wrapper.framework; includeInIndex = 0; path = Pods_CYOATests.framework; sourceTree = BUILT_PRODUCTS_DIR; };
		BE180CD9A7D5B15111745ADD /* Pods-CYOA.debug.xcconfig */ = {isa = PBXFileReference; includeInIndex = 1; lastKnownFileType = text.xcconfig; name = "Pods-CYOA.debug.xcconfig"; path = "Target Support Files/Pods-CYOA/Pods-CYOA.debug.xcconfig"; sourceTree = "<group>"; };
		CAB639D174B33B3E49EBECCB /* Pods_CYOA_CYOAUITests.framework */ = {isa = PBXFileReference; explicitFileType = wrapper.framework; includeInIndex = 0; path = Pods_CYOA_CYOAUITests.framework; sourceTree = BUILT_PRODUCTS_DIR; };
		FE197563FEE974D6ACF016B6 /* Pods_CYOA.framework */ = {isa = PBXFileReference; explicitFileType = wrapper.framework; includeInIndex = 0; path = Pods_CYOA.framework; sourceTree = BUILT_PRODUCTS_DIR; };
/* End PBXFileReference section */

/* Begin PBXFrameworksBuildPhase section */
		0C16807823DC641300500538 /* Frameworks */ = {
			isa = PBXFrameworksBuildPhase;
			buildActionMask = 2147483647;
			files = (
				6D300B8A092BB3B2480BADBB /* Pods_CYOA.framework in Frameworks */,
			);
			runOnlyForDeploymentPostprocessing = 0;
		};
		0C16808E23DC641600500538 /* Frameworks */ = {
			isa = PBXFrameworksBuildPhase;
			buildActionMask = 2147483647;
			files = (
				832B97FDFC20D2D1DA34D4B2 /* Pods_CYOATests.framework in Frameworks */,
			);
			runOnlyForDeploymentPostprocessing = 0;
		};
		0C16809923DC641600500538 /* Frameworks */ = {
			isa = PBXFrameworksBuildPhase;
			buildActionMask = 2147483647;
			files = (
				8059A370C11BEE93BAFA9C67 /* Pods_CYOA_CYOAUITests.framework in Frameworks */,
			);
			runOnlyForDeploymentPostprocessing = 0;
		};
/* End PBXFrameworksBuildPhase section */

/* Begin PBXGroup section */
		0C16807223DC641300500538 = {
			isa = PBXGroup;
			children = (
				0C16807D23DC641300500538 /* CYOA */,
				0C16809423DC641600500538 /* CYOATests */,
				0C16809F23DC641600500538 /* CYOAUITests */,
				0C16807C23DC641300500538 /* Products */,
				E0114E02093334F03F066B9F /* Pods */,
				9404FADD165C2E44EC859319 /* Frameworks */,
			);
			sourceTree = "<group>";
		};
		0C16807C23DC641300500538 /* Products */ = {
			isa = PBXGroup;
			children = (
				0C16807B23DC641300500538 /* CYOA.app */,
				0C16809123DC641600500538 /* CYOATests.xctest */,
				0C16809C23DC641600500538 /* CYOAUITests.xctest */,
			);
			name = Products;
			sourceTree = "<group>";
		};
		0C16807D23DC641300500538 /* CYOA */ = {
			isa = PBXGroup;
			children = (
				0C348A0223E95CBA007CC471 /* Objects */,
				0C348A0123E95C08007CC471 /* ViewControllers */,
				0C16807E23DC641300500538 /* AppDelegate.swift */,
				0C16808023DC641300500538 /* SceneDelegate.swift */,
				0C16808423DC641300500538 /* Main.storyboard */,
				0C16808723DC641600500538 /* Assets.xcassets */,
				0C16808923DC641600500538 /* LaunchScreen.storyboard */,
				0C3489F923E72CD0007CC471 /* GoogleService-Info.plist */,
				0C16808C23DC641600500538 /* Info.plist */,
				0C3489FB23E8AE89007CC471 /* MyStoryCell.swift */,
				0C3489FC23E8AE89007CC471 /* MyStoryCell.xib */,
			);
			path = CYOA;
			sourceTree = "<group>";
		};
		0C16809423DC641600500538 /* CYOATests */ = {
			isa = PBXGroup;
			children = (
				0C16809523DC641600500538 /* CYOATests.swift */,
				0C16809723DC641600500538 /* Info.plist */,
			);
			path = CYOATests;
			sourceTree = "<group>";
		};
		0C16809F23DC641600500538 /* CYOAUITests */ = {
			isa = PBXGroup;
			children = (
				0C1680A023DC641600500538 /* CYOAUITests.swift */,
				0C1680A223DC641600500538 /* Info.plist */,
			);
			path = CYOAUITests;
			sourceTree = "<group>";
		};
		0C348A0123E95C08007CC471 /* ViewControllers */ = {
			isa = PBXGroup;
			children = (
				0C16808223DC641300500538 /* ViewController.swift */,
				0C3489FF23E8B266007CC471 /* MyStoryViewController.swift */,
			);
			path = ViewControllers;
			sourceTree = "<group>";
		};
		0C348A0223E95CBA007CC471 /* Objects */ = {
			isa = PBXGroup;
			children = (
				0C1680B223DC6D8400500538 /* Chapter.swift */,
				0CAD447D23E1E4FC0062CD7F /* Player.swift */,
				0CAD447F23E1FD5A0062CD7F /* Story.swift */,
				0CAD44C523E356D40062CD7F /* Attribute.swift */,
				0CAD44C723E35D5F0062CD7F /* Option.swift */,
			);
			path = Objects;
			sourceTree = "<group>";
		};
		9404FADD165C2E44EC859319 /* Frameworks */ = {
			isa = PBXGroup;
			children = (
				FE197563FEE974D6ACF016B6 /* Pods_CYOA.framework */,
				CAB639D174B33B3E49EBECCB /* Pods_CYOA_CYOAUITests.framework */,
				A7240FE9E67AEAC6AAAC3372 /* Pods_CYOATests.framework */,
			);
			name = Frameworks;
			sourceTree = "<group>";
		};
		E0114E02093334F03F066B9F /* Pods */ = {
			isa = PBXGroup;
			children = (
				BE180CD9A7D5B15111745ADD /* Pods-CYOA.debug.xcconfig */,
				2BD0DEED71F7851C833643EC /* Pods-CYOA.release.xcconfig */,
				0B6E88379644A4889C9392A1 /* Pods-CYOA-CYOAUITests.debug.xcconfig */,
				5CD5283B3514BF8BF8053568 /* Pods-CYOA-CYOAUITests.release.xcconfig */,
				5AD81810B3700D8524A71B81 /* Pods-CYOATests.debug.xcconfig */,
				4D66ECF3C67C6C0B0E62DEFC /* Pods-CYOATests.release.xcconfig */,
			);
			path = Pods;
			sourceTree = "<group>";
		};
/* End PBXGroup section */

/* Begin PBXNativeTarget section */
		0C16807A23DC641300500538 /* CYOA */ = {
			isa = PBXNativeTarget;
			buildConfigurationList = 0C1680A523DC641600500538 /* Build configuration list for PBXNativeTarget "CYOA" */;
			buildPhases = (
				13835941BB1A77B73A20F930 /* [CP] Check Pods Manifest.lock */,
				0C16807723DC641300500538 /* Sources */,
				0C16807823DC641300500538 /* Frameworks */,
				0C16807923DC641300500538 /* Resources */,
				1EA5B89EB0921EA3799EE26C /* [CP] Embed Pods Frameworks */,
			);
			buildRules = (
			);
			dependencies = (
			);
			name = CYOA;
			productName = CYOA;
			productReference = 0C16807B23DC641300500538 /* CYOA.app */;
			productType = "com.apple.product-type.application";
		};
		0C16809023DC641600500538 /* CYOATests */ = {
			isa = PBXNativeTarget;
			buildConfigurationList = 0C1680A823DC641600500538 /* Build configuration list for PBXNativeTarget "CYOATests" */;
			buildPhases = (
				40B2641F52941C5D6935448C /* [CP] Check Pods Manifest.lock */,
				0C16808D23DC641600500538 /* Sources */,
				0C16808E23DC641600500538 /* Frameworks */,
				0C16808F23DC641600500538 /* Resources */,
			);
			buildRules = (
			);
			dependencies = (
				0C16809323DC641600500538 /* PBXTargetDependency */,
			);
			name = CYOATests;
			productName = CYOATests;
			productReference = 0C16809123DC641600500538 /* CYOATests.xctest */;
			productType = "com.apple.product-type.bundle.unit-test";
		};
		0C16809B23DC641600500538 /* CYOAUITests */ = {
			isa = PBXNativeTarget;
			buildConfigurationList = 0C1680AB23DC641600500538 /* Build configuration list for PBXNativeTarget "CYOAUITests" */;
			buildPhases = (
				4CD3146C2264240B0BD6F1D9 /* [CP] Check Pods Manifest.lock */,
				0C16809823DC641600500538 /* Sources */,
				0C16809923DC641600500538 /* Frameworks */,
				0C16809A23DC641600500538 /* Resources */,
				D37C61C8FFD8C99FDB8F8CA3 /* [CP] Embed Pods Frameworks */,
			);
			buildRules = (
			);
			dependencies = (
				0C16809E23DC641600500538 /* PBXTargetDependency */,
			);
			name = CYOAUITests;
			productName = CYOAUITests;
			productReference = 0C16809C23DC641600500538 /* CYOAUITests.xctest */;
			productType = "com.apple.product-type.bundle.ui-testing";
		};
/* End PBXNativeTarget section */

/* Begin PBXProject section */
		0C16807323DC641300500538 /* Project object */ = {
			isa = PBXProject;
			attributes = {
				LastSwiftUpdateCheck = 1130;
				LastUpgradeCheck = 1130;
				ORGANIZATIONNAME = "Michael De Stefano";
				TargetAttributes = {
					0C16807A23DC641300500538 = {
						CreatedOnToolsVersion = 11.3;
					};
					0C16809023DC641600500538 = {
						CreatedOnToolsVersion = 11.3;
						TestTargetID = 0C16807A23DC641300500538;
					};
					0C16809B23DC641600500538 = {
						CreatedOnToolsVersion = 11.3;
						TestTargetID = 0C16807A23DC641300500538;
					};
				};
			};
			buildConfigurationList = 0C16807623DC641300500538 /* Build configuration list for PBXProject "CYOA" */;
			compatibilityVersion = "Xcode 9.3";
			developmentRegion = en;
			hasScannedForEncodings = 0;
			knownRegions = (
				en,
				Base,
			);
			mainGroup = 0C16807223DC641300500538;
			productRefGroup = 0C16807C23DC641300500538 /* Products */;
			projectDirPath = "";
			projectRoot = "";
			targets = (
				0C16807A23DC641300500538 /* CYOA */,
				0C16809023DC641600500538 /* CYOATests */,
				0C16809B23DC641600500538 /* CYOAUITests */,
			);
		};
/* End PBXProject section */

/* Begin PBXResourcesBuildPhase section */
		0C16807923DC641300500538 /* Resources */ = {
			isa = PBXResourcesBuildPhase;
			buildActionMask = 2147483647;
			files = (
				0C3489FE23E8AE89007CC471 /* MyStoryCell.xib in Resources */,
				0C16808B23DC641600500538 /* LaunchScreen.storyboard in Resources */,
				0C3489FA23E72CD0007CC471 /* GoogleService-Info.plist in Resources */,
				0C16808823DC641600500538 /* Assets.xcassets in Resources */,
				0C16808623DC641300500538 /* Main.storyboard in Resources */,
			);
			runOnlyForDeploymentPostprocessing = 0;
		};
		0C16808F23DC641600500538 /* Resources */ = {
			isa = PBXResourcesBuildPhase;
			buildActionMask = 2147483647;
			files = (
			);
			runOnlyForDeploymentPostprocessing = 0;
		};
		0C16809A23DC641600500538 /* Resources */ = {
			isa = PBXResourcesBuildPhase;
			buildActionMask = 2147483647;
			files = (
			);
			runOnlyForDeploymentPostprocessing = 0;
		};
/* End PBXResourcesBuildPhase section */

/* Begin PBXShellScriptBuildPhase section */
		13835941BB1A77B73A20F930 /* [CP] Check Pods Manifest.lock */ = {
			isa = PBXShellScriptBuildPhase;
			buildActionMask = 2147483647;
			files = (
			);
			inputFileListPaths = (
			);
			inputPaths = (
				"${PODS_PODFILE_DIR_PATH}/Podfile.lock",
				"${PODS_ROOT}/Manifest.lock",
			);
			name = "[CP] Check Pods Manifest.lock";
			outputFileListPaths = (
			);
			outputPaths = (
				"$(DERIVED_FILE_DIR)/Pods-CYOA-checkManifestLockResult.txt",
			);
			runOnlyForDeploymentPostprocessing = 0;
			shellPath = /bin/sh;
			shellScript = "diff \"${PODS_PODFILE_DIR_PATH}/Podfile.lock\" \"${PODS_ROOT}/Manifest.lock\" > /dev/null\nif [ $? != 0 ] ; then\n    # print error to STDERR\n    echo \"error: The sandbox is not in sync with the Podfile.lock. Run 'pod install' or update your CocoaPods installation.\" >&2\n    exit 1\nfi\n# This output is used by Xcode 'outputs' to avoid re-running this script phase.\necho \"SUCCESS\" > \"${SCRIPT_OUTPUT_FILE_0}\"\n";
			showEnvVarsInLog = 0;
		};
		1EA5B89EB0921EA3799EE26C /* [CP] Embed Pods Frameworks */ = {
			isa = PBXShellScriptBuildPhase;
			buildActionMask = 2147483647;
			files = (
			);
			inputFileListPaths = (
				"${PODS_ROOT}/Target Support Files/Pods-CYOA/Pods-CYOA-frameworks-${CONFIGURATION}-input-files.xcfilelist",
			);
			name = "[CP] Embed Pods Frameworks";
			outputFileListPaths = (
				"${PODS_ROOT}/Target Support Files/Pods-CYOA/Pods-CYOA-frameworks-${CONFIGURATION}-output-files.xcfilelist",
			);
			runOnlyForDeploymentPostprocessing = 0;
			shellPath = /bin/sh;
			shellScript = "\"${PODS_ROOT}/Target Support Files/Pods-CYOA/Pods-CYOA-frameworks.sh\"\n";
			showEnvVarsInLog = 0;
		};
		40B2641F52941C5D6935448C /* [CP] Check Pods Manifest.lock */ = {
			isa = PBXShellScriptBuildPhase;
			buildActionMask = 2147483647;
			files = (
			);
			inputFileListPaths = (
			);
			inputPaths = (
				"${PODS_PODFILE_DIR_PATH}/Podfile.lock",
				"${PODS_ROOT}/Manifest.lock",
			);
			name = "[CP] Check Pods Manifest.lock";
			outputFileListPaths = (
			);
			outputPaths = (
				"$(DERIVED_FILE_DIR)/Pods-CYOATests-checkManifestLockResult.txt",
			);
			runOnlyForDeploymentPostprocessing = 0;
			shellPath = /bin/sh;
			shellScript = "diff \"${PODS_PODFILE_DIR_PATH}/Podfile.lock\" \"${PODS_ROOT}/Manifest.lock\" > /dev/null\nif [ $? != 0 ] ; then\n    # print error to STDERR\n    echo \"error: The sandbox is not in sync with the Podfile.lock. Run 'pod install' or update your CocoaPods installation.\" >&2\n    exit 1\nfi\n# This output is used by Xcode 'outputs' to avoid re-running this script phase.\necho \"SUCCESS\" > \"${SCRIPT_OUTPUT_FILE_0}\"\n";
			showEnvVarsInLog = 0;
		};
		4CD3146C2264240B0BD6F1D9 /* [CP] Check Pods Manifest.lock */ = {
			isa = PBXShellScriptBuildPhase;
			buildActionMask = 2147483647;
			files = (
			);
			inputFileListPaths = (
			);
			inputPaths = (
				"${PODS_PODFILE_DIR_PATH}/Podfile.lock",
				"${PODS_ROOT}/Manifest.lock",
			);
			name = "[CP] Check Pods Manifest.lock";
			outputFileListPaths = (
			);
			outputPaths = (
				"$(DERIVED_FILE_DIR)/Pods-CYOA-CYOAUITests-checkManifestLockResult.txt",
			);
			runOnlyForDeploymentPostprocessing = 0;
			shellPath = /bin/sh;
			shellScript = "diff \"${PODS_PODFILE_DIR_PATH}/Podfile.lock\" \"${PODS_ROOT}/Manifest.lock\" > /dev/null\nif [ $? != 0 ] ; then\n    # print error to STDERR\n    echo \"error: The sandbox is not in sync with the Podfile.lock. Run 'pod install' or update your CocoaPods installation.\" >&2\n    exit 1\nfi\n# This output is used by Xcode 'outputs' to avoid re-running this script phase.\necho \"SUCCESS\" > \"${SCRIPT_OUTPUT_FILE_0}\"\n";
			showEnvVarsInLog = 0;
		};
		D37C61C8FFD8C99FDB8F8CA3 /* [CP] Embed Pods Frameworks */ = {
			isa = PBXShellScriptBuildPhase;
			buildActionMask = 2147483647;
			files = (
			);
			inputFileListPaths = (
				"${PODS_ROOT}/Target Support Files/Pods-CYOA-CYOAUITests/Pods-CYOA-CYOAUITests-frameworks-${CONFIGURATION}-input-files.xcfilelist",
			);
			name = "[CP] Embed Pods Frameworks";
			outputFileListPaths = (
				"${PODS_ROOT}/Target Support Files/Pods-CYOA-CYOAUITests/Pods-CYOA-CYOAUITests-frameworks-${CONFIGURATION}-output-files.xcfilelist",
			);
			runOnlyForDeploymentPostprocessing = 0;
			shellPath = /bin/sh;
			shellScript = "\"${PODS_ROOT}/Target Support Files/Pods-CYOA-CYOAUITests/Pods-CYOA-CYOAUITests-frameworks.sh\"\n";
			showEnvVarsInLog = 0;
		};
/* End PBXShellScriptBuildPhase section */

/* Begin PBXSourcesBuildPhase section */
		0C16807723DC641300500538 /* Sources */ = {
			isa = PBXSourcesBuildPhase;
			buildActionMask = 2147483647;
			files = (
				0CAD44C823E35D5F0062CD7F /* Option.swift in Sources */,
				0C16808323DC641300500538 /* ViewController.swift in Sources */,
				0C3489FD23E8AE89007CC471 /* MyStoryCell.swift in Sources */,
				0C1680B323DC6D8400500538 /* Chapter.swift in Sources */,
				0C16807F23DC641300500538 /* AppDelegate.swift in Sources */,
				0CAD447E23E1E4FC0062CD7F /* Player.swift in Sources */,
				0C348A0023E8B266007CC471 /* MyStoryViewController.swift in Sources */,
				0CAD44C623E356D40062CD7F /* Attribute.swift in Sources */,
				0C16808123DC641300500538 /* SceneDelegate.swift in Sources */,
				0CAD448023E1FD5A0062CD7F /* Story.swift in Sources */,
			);
			runOnlyForDeploymentPostprocessing = 0;
		};
		0C16808D23DC641600500538 /* Sources */ = {
			isa = PBXSourcesBuildPhase;
			buildActionMask = 2147483647;
			files = (
				0C16809623DC641600500538 /* CYOATests.swift in Sources */,
			);
			runOnlyForDeploymentPostprocessing = 0;
		};
		0C16809823DC641600500538 /* Sources */ = {
			isa = PBXSourcesBuildPhase;
			buildActionMask = 2147483647;
			files = (
				0C1680A123DC641600500538 /* CYOAUITests.swift in Sources */,
			);
			runOnlyForDeploymentPostprocessing = 0;
		};
/* End PBXSourcesBuildPhase section */

/* Begin PBXTargetDependency section */
		0C16809323DC641600500538 /* PBXTargetDependency */ = {
			isa = PBXTargetDependency;
			target = 0C16807A23DC641300500538 /* CYOA */;
			targetProxy = 0C16809223DC641600500538 /* PBXContainerItemProxy */;
		};
		0C16809E23DC641600500538 /* PBXTargetDependency */ = {
			isa = PBXTargetDependency;
			target = 0C16807A23DC641300500538 /* CYOA */;
			targetProxy = 0C16809D23DC641600500538 /* PBXContainerItemProxy */;
		};
/* End PBXTargetDependency section */

/* Begin PBXVariantGroup section */
		0C16808423DC641300500538 /* Main.storyboard */ = {
			isa = PBXVariantGroup;
			children = (
				0C16808523DC641300500538 /* Base */,
			);
			name = Main.storyboard;
			sourceTree = "<group>";
		};
		0C16808923DC641600500538 /* LaunchScreen.storyboard */ = {
			isa = PBXVariantGroup;
			children = (
				0C16808A23DC641600500538 /* Base */,
			);
			name = LaunchScreen.storyboard;
			sourceTree = "<group>";
		};
/* End PBXVariantGroup section */

/* Begin XCBuildConfiguration section */
		0C1680A323DC641600500538 /* Debug */ = {
			isa = XCBuildConfiguration;
			buildSettings = {
				ALWAYS_SEARCH_USER_PATHS = NO;
				CLANG_ANALYZER_NONNULL = YES;
				CLANG_ANALYZER_NUMBER_OBJECT_CONVERSION = YES_AGGRESSIVE;
				CLANG_CXX_LANGUAGE_STANDARD = "gnu++14";
				CLANG_CXX_LIBRARY = "libc++";
				CLANG_ENABLE_MODULES = YES;
				CLANG_ENABLE_OBJC_ARC = YES;
				CLANG_ENABLE_OBJC_WEAK = YES;
				CLANG_WARN_BLOCK_CAPTURE_AUTORELEASING = YES;
				CLANG_WARN_BOOL_CONVERSION = YES;
				CLANG_WARN_COMMA = YES;
				CLANG_WARN_CONSTANT_CONVERSION = YES;
				CLANG_WARN_DEPRECATED_OBJC_IMPLEMENTATIONS = YES;
				CLANG_WARN_DIRECT_OBJC_ISA_USAGE = YES_ERROR;
				CLANG_WARN_DOCUMENTATION_COMMENTS = YES;
				CLANG_WARN_EMPTY_BODY = YES;
				CLANG_WARN_ENUM_CONVERSION = YES;
				CLANG_WARN_INFINITE_RECURSION = YES;
				CLANG_WARN_INT_CONVERSION = YES;
				CLANG_WARN_NON_LITERAL_NULL_CONVERSION = YES;
				CLANG_WARN_OBJC_IMPLICIT_RETAIN_SELF = YES;
				CLANG_WARN_OBJC_LITERAL_CONVERSION = YES;
				CLANG_WARN_OBJC_ROOT_CLASS = YES_ERROR;
				CLANG_WARN_RANGE_LOOP_ANALYSIS = YES;
				CLANG_WARN_STRICT_PROTOTYPES = YES;
				CLANG_WARN_SUSPICIOUS_MOVE = YES;
				CLANG_WARN_UNGUARDED_AVAILABILITY = YES_AGGRESSIVE;
				CLANG_WARN_UNREACHABLE_CODE = YES;
				CLANG_WARN__DUPLICATE_METHOD_MATCH = YES;
				COPY_PHASE_STRIP = NO;
				DEBUG_INFORMATION_FORMAT = dwarf;
				ENABLE_STRICT_OBJC_MSGSEND = YES;
				ENABLE_TESTABILITY = YES;
				GCC_C_LANGUAGE_STANDARD = gnu11;
				GCC_DYNAMIC_NO_PIC = NO;
				GCC_NO_COMMON_BLOCKS = YES;
				GCC_OPTIMIZATION_LEVEL = 0;
				GCC_PREPROCESSOR_DEFINITIONS = (
					"DEBUG=1",
					"$(inherited)",
				);
				GCC_WARN_64_TO_32_BIT_CONVERSION = YES;
				GCC_WARN_ABOUT_RETURN_TYPE = YES_ERROR;
				GCC_WARN_UNDECLARED_SELECTOR = YES;
				GCC_WARN_UNINITIALIZED_AUTOS = YES_AGGRESSIVE;
				GCC_WARN_UNUSED_FUNCTION = YES;
				GCC_WARN_UNUSED_VARIABLE = YES;
				IPHONEOS_DEPLOYMENT_TARGET = 13.2;
				MTL_ENABLE_DEBUG_INFO = INCLUDE_SOURCE;
				MTL_FAST_MATH = YES;
				ONLY_ACTIVE_ARCH = YES;
				SDKROOT = iphoneos;
				SWIFT_ACTIVE_COMPILATION_CONDITIONS = DEBUG;
				SWIFT_OPTIMIZATION_LEVEL = "-Onone";
			};
			name = Debug;
		};
		0C1680A423DC641600500538 /* Release */ = {
			isa = XCBuildConfiguration;
			buildSettings = {
				ALWAYS_SEARCH_USER_PATHS = NO;
				CLANG_ANALYZER_NONNULL = YES;
				CLANG_ANALYZER_NUMBER_OBJECT_CONVERSION = YES_AGGRESSIVE;
				CLANG_CXX_LANGUAGE_STANDARD = "gnu++14";
				CLANG_CXX_LIBRARY = "libc++";
				CLANG_ENABLE_MODULES = YES;
				CLANG_ENABLE_OBJC_ARC = YES;
				CLANG_ENABLE_OBJC_WEAK = YES;
				CLANG_WARN_BLOCK_CAPTURE_AUTORELEASING = YES;
				CLANG_WARN_BOOL_CONVERSION = YES;
				CLANG_WARN_COMMA = YES;
				CLANG_WARN_CONSTANT_CONVERSION = YES;
				CLANG_WARN_DEPRECATED_OBJC_IMPLEMENTATIONS = YES;
				CLANG_WARN_DIRECT_OBJC_ISA_USAGE = YES_ERROR;
				CLANG_WARN_DOCUMENTATION_COMMENTS = YES;
				CLANG_WARN_EMPTY_BODY = YES;
				CLANG_WARN_ENUM_CONVERSION = YES;
				CLANG_WARN_INFINITE_RECURSION = YES;
				CLANG_WARN_INT_CONVERSION = YES;
				CLANG_WARN_NON_LITERAL_NULL_CONVERSION = YES;
				CLANG_WARN_OBJC_IMPLICIT_RETAIN_SELF = YES;
				CLANG_WARN_OBJC_LITERAL_CONVERSION = YES;
				CLANG_WARN_OBJC_ROOT_CLASS = YES_ERROR;
				CLANG_WARN_RANGE_LOOP_ANALYSIS = YES;
				CLANG_WARN_STRICT_PROTOTYPES = YES;
				CLANG_WARN_SUSPICIOUS_MOVE = YES;
				CLANG_WARN_UNGUARDED_AVAILABILITY = YES_AGGRESSIVE;
				CLANG_WARN_UNREACHABLE_CODE = YES;
				CLANG_WARN__DUPLICATE_METHOD_MATCH = YES;
				COPY_PHASE_STRIP = NO;
				DEBUG_INFORMATION_FORMAT = "dwarf-with-dsym";
				ENABLE_NS_ASSERTIONS = NO;
				ENABLE_STRICT_OBJC_MSGSEND = YES;
				GCC_C_LANGUAGE_STANDARD = gnu11;
				GCC_NO_COMMON_BLOCKS = YES;
				GCC_WARN_64_TO_32_BIT_CONVERSION = YES;
				GCC_WARN_ABOUT_RETURN_TYPE = YES_ERROR;
				GCC_WARN_UNDECLARED_SELECTOR = YES;
				GCC_WARN_UNINITIALIZED_AUTOS = YES_AGGRESSIVE;
				GCC_WARN_UNUSED_FUNCTION = YES;
				GCC_WARN_UNUSED_VARIABLE = YES;
				IPHONEOS_DEPLOYMENT_TARGET = 13.2;
				MTL_ENABLE_DEBUG_INFO = NO;
				MTL_FAST_MATH = YES;
				SDKROOT = iphoneos;
				SWIFT_COMPILATION_MODE = wholemodule;
				SWIFT_OPTIMIZATION_LEVEL = "-O";
				VALIDATE_PRODUCT = YES;
			};
			name = Release;
		};
		0C1680A623DC641600500538 /* Debug */ = {
			isa = XCBuildConfiguration;
			baseConfigurationReference = BE180CD9A7D5B15111745ADD /* Pods-CYOA.debug.xcconfig */;
			buildSettings = {
				ASSETCATALOG_COMPILER_APPICON_NAME = AppIcon;
				CODE_SIGN_STYLE = Automatic;
				INFOPLIST_FILE = CYOA/Info.plist;
				LD_RUNPATH_SEARCH_PATHS = (
					"$(inherited)",
					"@executable_path/Frameworks",
				);
				PRODUCT_BUNDLE_IDENTIFIER = "mds.com-CYOA";
				PRODUCT_NAME = "$(TARGET_NAME)";
				SWIFT_VERSION = 5.0;
				TARGETED_DEVICE_FAMILY = "1,2";
			};
			name = Debug;
		};
		0C1680A723DC641600500538 /* Release */ = {
			isa = XCBuildConfiguration;
			baseConfigurationReference = 2BD0DEED71F7851C833643EC /* Pods-CYOA.release.xcconfig */;
			buildSettings = {
				ASSETCATALOG_COMPILER_APPICON_NAME = AppIcon;
				CODE_SIGN_STYLE = Automatic;
				INFOPLIST_FILE = CYOA/Info.plist;
				LD_RUNPATH_SEARCH_PATHS = (
					"$(inherited)",
					"@executable_path/Frameworks",
				);
				PRODUCT_BUNDLE_IDENTIFIER = "mds.com-CYOA";
				PRODUCT_NAME = "$(TARGET_NAME)";
				SWIFT_VERSION = 5.0;
				TARGETED_DEVICE_FAMILY = "1,2";
			};
			name = Release;
		};
		0C1680A923DC641600500538 /* Debug */ = {
			isa = XCBuildConfiguration;
			baseConfigurationReference = 5AD81810B3700D8524A71B81 /* Pods-CYOATests.debug.xcconfig */;
			buildSettings = {
				ALWAYS_EMBED_SWIFT_STANDARD_LIBRARIES = YES;
				BUNDLE_LOADER = "$(TEST_HOST)";
				CODE_SIGN_STYLE = Automatic;
				INFOPLIST_FILE = CYOATests/Info.plist;
				IPHONEOS_DEPLOYMENT_TARGET = 13.2;
				LD_RUNPATH_SEARCH_PATHS = (
					"$(inherited)",
					"@executable_path/Frameworks",
					"@loader_path/Frameworks",
				);
				PRODUCT_BUNDLE_IDENTIFIER = hej.com.CYOATests;
				PRODUCT_NAME = "$(TARGET_NAME)";
				SWIFT_VERSION = 5.0;
				TARGETED_DEVICE_FAMILY = "1,2";
				TEST_HOST = "$(BUILT_PRODUCTS_DIR)/CYOA.app/CYOA";
			};
			name = Debug;
		};
		0C1680AA23DC641600500538 /* Release */ = {
			isa = XCBuildConfiguration;
			baseConfigurationReference = 4D66ECF3C67C6C0B0E62DEFC /* Pods-CYOATests.release.xcconfig */;
			buildSettings = {
				ALWAYS_EMBED_SWIFT_STANDARD_LIBRARIES = YES;
				BUNDLE_LOADER = "$(TEST_HOST)";
				CODE_SIGN_STYLE = Automatic;
				INFOPLIST_FILE = CYOATests/Info.plist;
				IPHONEOS_DEPLOYMENT_TARGET = 13.2;
				LD_RUNPATH_SEARCH_PATHS = (
					"$(inherited)",
					"@executable_path/Frameworks",
					"@loader_path/Frameworks",
				);
				PRODUCT_BUNDLE_IDENTIFIER = hej.com.CYOATests;
				PRODUCT_NAME = "$(TARGET_NAME)";
				SWIFT_VERSION = 5.0;
				TARGETED_DEVICE_FAMILY = "1,2";
				TEST_HOST = "$(BUILT_PRODUCTS_DIR)/CYOA.app/CYOA";
			};
			name = Release;
		};
		0C1680AC23DC641600500538 /* Debug */ = {
			isa = XCBuildConfiguration;
			baseConfigurationReference = 0B6E88379644A4889C9392A1 /* Pods-CYOA-CYOAUITests.debug.xcconfig */;
			buildSettings = {
				ALWAYS_EMBED_SWIFT_STANDARD_LIBRARIES = YES;
				CODE_SIGN_STYLE = Automatic;
				INFOPLIST_FILE = CYOAUITests/Info.plist;
				LD_RUNPATH_SEARCH_PATHS = (
					"$(inherited)",
					"@executable_path/Frameworks",
					"@loader_path/Frameworks",
				);
				PRODUCT_BUNDLE_IDENTIFIER = hej.com.CYOAUITests;
				PRODUCT_NAME = "$(TARGET_NAME)";
				SWIFT_VERSION = 5.0;
				TARGETED_DEVICE_FAMILY = "1,2";
				TEST_TARGET_NAME = CYOA;
			};
			name = Debug;
		};
		0C1680AD23DC641600500538 /* Release */ = {
			isa = XCBuildConfiguration;
			baseConfigurationReference = 5CD5283B3514BF8BF8053568 /* Pods-CYOA-CYOAUITests.release.xcconfig */;
			buildSettings = {
				ALWAYS_EMBED_SWIFT_STANDARD_LIBRARIES = YES;
				CODE_SIGN_STYLE = Automatic;
				INFOPLIST_FILE = CYOAUITests/Info.plist;
				LD_RUNPATH_SEARCH_PATHS = (
					"$(inherited)",
					"@executable_path/Frameworks",
					"@loader_path/Frameworks",
				);
				PRODUCT_BUNDLE_IDENTIFIER = hej.com.CYOAUITests;
				PRODUCT_NAME = "$(TARGET_NAME)";
				SWIFT_VERSION = 5.0;
				TARGETED_DEVICE_FAMILY = "1,2";
				TEST_TARGET_NAME = CYOA;
			};
			name = Release;
		};
/* End XCBuildConfiguration section */

/* Begin XCConfigurationList section */
		0C16807623DC641300500538 /* Build configuration list for PBXProject "CYOA" */ = {
			isa = XCConfigurationList;
			buildConfigurations = (
				0C1680A323DC641600500538 /* Debug */,
				0C1680A423DC641600500538 /* Release */,
			);
			defaultConfigurationIsVisible = 0;
			defaultConfigurationName = Release;
		};
		0C1680A523DC641600500538 /* Build configuration list for PBXNativeTarget "CYOA" */ = {
			isa = XCConfigurationList;
			buildConfigurations = (
				0C1680A623DC641600500538 /* Debug */,
				0C1680A723DC641600500538 /* Release */,
			);
			defaultConfigurationIsVisible = 0;
			defaultConfigurationName = Release;
		};
		0C1680A823DC641600500538 /* Build configuration list for PBXNativeTarget "CYOATests" */ = {
			isa = XCConfigurationList;
			buildConfigurations = (
				0C1680A923DC641600500538 /* Debug */,
				0C1680AA23DC641600500538 /* Release */,
			);
			defaultConfigurationIsVisible = 0;
			defaultConfigurationName = Release;
		};
		0C1680AB23DC641600500538 /* Build configuration list for PBXNativeTarget "CYOAUITests" */ = {
			isa = XCConfigurationList;
			buildConfigurations = (
				0C1680AC23DC641600500538 /* Debug */,
				0C1680AD23DC641600500538 /* Release */,
			);
			defaultConfigurationIsVisible = 0;
			defaultConfigurationName = Release;
		};
/* End XCConfigurationList section */
	};
	rootObject = 0C16807323DC641300500538 /* Project object */;
}
